
Microsoft Visual Studio Solution File, Format Version 12.00
# Visual Studio Version 17
VisualStudioVersion = 17.2.32616.157
MinimumVisualStudioVersion = 10.0.40219.1
Project("{FAE04EC0-301F-11D3-BF4B-00C04F79EFBC}") = "DataTable_Project", "DataTable_Project.csproj", "{CF765F74-F873-4482-B76C-4A3BD68C5BCD}"
EndProject
Global
	GlobalSection(SolutionConfigurationPlatforms) = preSolution
		Debug|Any CPU = Debug|Any CPU
		Release|Any CPU = Release|Any CPU
	EndGlobalSection
	GlobalSection(ProjectConfigurationPlatforms) = postSolution
		{CF765F74-F873-4482-B76C-4A3BD68C5BCD}.Debug|Any CPU.ActiveCfg = Debug|Any CPU
		{CF765F74-F873-4482-B76C-4A3BD68C5BCD}.Debug|Any CPU.Build.0 = Debug|Any CPU
		{CF765F74-F873-4482-B76C-4A3BD68C5BCD}.Release|Any CPU.ActiveCfg = Release|Any CPU
		{CF765F74-F873-4482-B76C-4A3BD68C5BCD}.Release|Any CPU.Build.0 = Release|Any CPU
	EndGlobalSection
	GlobalSection(SolutionProperties) = preSolution
		HideSolutionNode = FALSE
	EndGlobalSection
	GlobalSection(ExtensibilityGlobals) = postSolution
		SolutionGuid = {0F83B873-7FAE-47DA-8CF4-E028BEAED25B}
	EndGlobalSection
EndGlobal
